
Microsoft Visual Studio Solution File, Format Version 12.00
# Visual Studio Version 17
VisualStudioVersion = 17.0.32014.148
MinimumVisualStudioVersion = 10.0.40219.1
Project("{9A19103F-16F7-4668-BE54-9A1E7A4F7556}") = "Entra21.ExemplosWhile", "Entra21.ExemplosWhile\Entra21.ExemplosWhile.csproj", "{CDE4C3A1-32C1-4D4A-929B-0914A3D5137F}"
EndProject
Project("{9A19103F-16F7-4668-BE54-9A1E7A4F7556}") = "Entra21.ExerciciosWhile", "Entra21.ExerciciosWhile\Entra21.ExerciciosWhile.csproj", "{9E20C376-32A9-486C-8A64-6E5AB6909395}"
EndProject
Project("{9A19103F-16F7-4668-BE54-9A1E7A4F7556}") = "Entra21.ExerciciosFor", "Entra21.ExerciciosFor\Entra21.ExerciciosFor.csproj", "{FEFEFE30-648F-45E1-8758-D10A0AC3C0FF}"
EndProject
Project("{2150E333-8FDC-42A3-9474-1A3956D46DE8}") = "Solution Items", "Solution Items", "{4CBF00A8-9076-4D71-8483-A374A167AC95}"
	ProjectSection(SolutionItems) = preProject
		.editorconfig = .editorconfig
	EndProjectSection
EndProject
Project("{9A19103F-16F7-4668-BE54-9A1E7A4F7556}") = "Entra21.ExerciciosVetor", "Entra21.ExerciciosVetor\Entra21.ExerciciosVetor.csproj", "{8CADB519-690B-4293-BF38-D679B1922C51}"
EndProject
Project("{9A19103F-16F7-4668-BE54-9A1E7A4F7556}") = "Entra21.ExemplosOrientacaoObjetos", "Entra21.ExemplosOrientacaoObjetos\Entra21.ExemplosOrientacaoObjetos.csproj", "{457606D0-BBFE-4476-BE98-EFB4A61C37C8}"
EndProject
Project("{9A19103F-16F7-4668-BE54-9A1E7A4F7556}") = "Entra21.ExemplosOrientacaoObjetos.Testes", "Entra21.ExemplosOrientacaoObjetos.Testes\Entra21.ExemplosOrientacaoObjetos.Testes.csproj", "{50A615C5-031F-4F7C-AF81-5DD3A5BC5D13}"
EndProject
Project("{9A19103F-16F7-4668-BE54-9A1E7A4F7556}") = "Entra21.ExerciciosOrientacaoObjetos", "Entra21.ExerciciosOrientacaoObjetos\Entra21.ExerciciosOrientacaoObjetos.csproj", "{0FDC3958-57E3-428C-8F2E-228FC4B80C95}"
EndProject
Project("{FAE04EC0-301F-11D3-BF4B-00C04F79EFBC}") = "Entra21.ExerciciosOrientacaoObjetos.Testes", "Entra21.ExerciciosOrientacaoObjetos.Testes\Entra21.ExerciciosOrientacaoObjetos.Testes.csproj", "{6765043B-C21D-43C1-9AC6-DB43BC6A445D}"
EndProject
Global
	GlobalSection(SolutionConfigurationPlatforms) = preSolution
		Debug|Any CPU = Debug|Any CPU
		Release|Any CPU = Release|Any CPU
	EndGlobalSection
	GlobalSection(ProjectConfigurationPlatforms) = postSolution
		{CDE4C3A1-32C1-4D4A-929B-0914A3D5137F}.Debug|Any CPU.ActiveCfg = Debug|Any CPU
		{CDE4C3A1-32C1-4D4A-929B-0914A3D5137F}.Debug|Any CPU.Build.0 = Debug|Any CPU
		{CDE4C3A1-32C1-4D4A-929B-0914A3D5137F}.Release|Any CPU.ActiveCfg = Release|Any CPU
		{CDE4C3A1-32C1-4D4A-929B-0914A3D5137F}.Release|Any CPU.Build.0 = Release|Any CPU
		{9E20C376-32A9-486C-8A64-6E5AB6909395}.Debug|Any CPU.ActiveCfg = Debug|Any CPU
		{9E20C376-32A9-486C-8A64-6E5AB6909395}.Debug|Any CPU.Build.0 = Debug|Any CPU
		{9E20C376-32A9-486C-8A64-6E5AB6909395}.Release|Any CPU.ActiveCfg = Release|Any CPU
		{9E20C376-32A9-486C-8A64-6E5AB6909395}.Release|Any CPU.Build.0 = Release|Any CPU
		{FEFEFE30-648F-45E1-8758-D10A0AC3C0FF}.Debug|Any CPU.ActiveCfg = Debug|Any CPU
		{FEFEFE30-648F-45E1-8758-D10A0AC3C0FF}.Debug|Any CPU.Build.0 = Debug|Any CPU
		{FEFEFE30-648F-45E1-8758-D10A0AC3C0FF}.Release|Any CPU.ActiveCfg = Release|Any CPU
		{FEFEFE30-648F-45E1-8758-D10A0AC3C0FF}.Release|Any CPU.Build.0 = Release|Any CPU
		{8CADB519-690B-4293-BF38-D679B1922C51}.Debug|Any CPU.ActiveCfg = Debug|Any CPU
		{8CADB519-690B-4293-BF38-D679B1922C51}.Debug|Any CPU.Build.0 = Debug|Any CPU
		{8CADB519-690B-4293-BF38-D679B1922C51}.Release|Any CPU.ActiveCfg = Release|Any CPU
		{8CADB519-690B-4293-BF38-D679B1922C51}.Release|Any CPU.Build.0 = Release|Any CPU
		{457606D0-BBFE-4476-BE98-EFB4A61C37C8}.Debug|Any CPU.ActiveCfg = Debug|Any CPU
		{457606D0-BBFE-4476-BE98-EFB4A61C37C8}.Debug|Any CPU.Build.0 = Debug|Any CPU
		{457606D0-BBFE-4476-BE98-EFB4A61C37C8}.Release|Any CPU.ActiveCfg = Release|Any CPU
		{457606D0-BBFE-4476-BE98-EFB4A61C37C8}.Release|Any CPU.Build.0 = Release|Any CPU
		{50A615C5-031F-4F7C-AF81-5DD3A5BC5D13}.Debug|Any CPU.ActiveCfg = Debug|Any CPU
		{50A615C5-031F-4F7C-AF81-5DD3A5BC5D13}.Debug|Any CPU.Build.0 = Debug|Any CPU
		{50A615C5-031F-4F7C-AF81-5DD3A5BC5D13}.Release|Any CPU.ActiveCfg = Release|Any CPU
		{50A615C5-031F-4F7C-AF81-5DD3A5BC5D13}.Release|Any CPU.Build.0 = Release|Any CPU
		{0FDC3958-57E3-428C-8F2E-228FC4B80C95}.Debug|Any CPU.ActiveCfg = Debug|Any CPU
		{0FDC3958-57E3-428C-8F2E-228FC4B80C95}.Debug|Any CPU.Build.0 = Debug|Any CPU
		{0FDC3958-57E3-428C-8F2E-228FC4B80C95}.Release|Any CPU.ActiveCfg = Release|Any CPU
		{0FDC3958-57E3-428C-8F2E-228FC4B80C95}.Release|Any CPU.Build.0 = Release|Any CPU
		{6765043B-C21D-43C1-9AC6-DB43BC6A445D}.Debug|Any CPU.ActiveCfg = Debug|Any CPU
		{6765043B-C21D-43C1-9AC6-DB43BC6A445D}.Debug|Any CPU.Build.0 = Debug|Any CPU
		{6765043B-C21D-43C1-9AC6-DB43BC6A445D}.Release|Any CPU.ActiveCfg = Release|Any CPU
		{6765043B-C21D-43C1-9AC6-DB43BC6A445D}.Release|Any CPU.Build.0 = Release|Any CPU
	EndGlobalSection
	GlobalSection(SolutionProperties) = preSolution
		HideSolutionNode = FALSE
	EndGlobalSection
	GlobalSection(ExtensibilityGlobals) = postSolution
		SolutionGuid = {532EB184-CC7B-4322-8B9D-D4CE812249C7}
	EndGlobalSection
EndGlobal
